
Microsoft Visual Studio Solution File, Format Version 12.00
# Visual Studio 15
VisualStudioVersion = 15.0.26730.16
MinimumVisualStudioVersion = 10.0.40219.1
Project("{9A19103F-16F7-4668-BE54-9A1E7A4F7556}") = "Serilog.Sinks.Sentry", "Serilog.Sinks.Sentry\Serilog.Sinks.Sentry.csproj", "{409CE6D1-F434-4CA7-82DD-957DDBCA5F1D}"
EndProject
Project("{2150E333-8FDC-42A3-9474-1A3956D46DE8}") = "Solution Items", "Solution Items", "{58828A7B-0109-4C73-A1D4-3FD20CE98C3A}"
	ProjectSection(SolutionItems) = preProject
		..\build.cake = ..\build.cake
		build.ps1 = build.ps1
		..\README.md = ..\README.md
	EndProjectSection
EndProject
Project("{9A19103F-16F7-4668-BE54-9A1E7A4F7556}") = "Serilog.Sinks.Sentry.AspCore", "Serilog.Sinks.Sentry.AspCore\Serilog.Sinks.Sentry.AspCore.csproj", "{4BA63B7F-4C00-4534-83F5-89875A97225D}"
EndProject
Global
	GlobalSection(SolutionConfigurationPlatforms) = preSolution
		Debug|Any CPU = Debug|Any CPU
		Release|Any CPU = Release|Any CPU
	EndGlobalSection
	GlobalSection(ProjectConfigurationPlatforms) = postSolution
		{409CE6D1-F434-4CA7-82DD-957DDBCA5F1D}.Debug|Any CPU.ActiveCfg = Debug|Any CPU
		{409CE6D1-F434-4CA7-82DD-957DDBCA5F1D}.Debug|Any CPU.Build.0 = Debug|Any CPU
		{409CE6D1-F434-4CA7-82DD-957DDBCA5F1D}.Release|Any CPU.ActiveCfg = Release|Any CPU
		{409CE6D1-F434-4CA7-82DD-957DDBCA5F1D}.Release|Any CPU.Build.0 = Release|Any CPU
		{4BA63B7F-4C00-4534-83F5-89875A97225D}.Debug|Any CPU.ActiveCfg = Debug|Any CPU
		{4BA63B7F-4C00-4534-83F5-89875A97225D}.Debug|Any CPU.Build.0 = Debug|Any CPU
		{4BA63B7F-4C00-4534-83F5-89875A97225D}.Release|Any CPU.ActiveCfg = Release|Any CPU
		{4BA63B7F-4C00-4534-83F5-89875A97225D}.Release|Any CPU.Build.0 = Release|Any CPU
	EndGlobalSection
	GlobalSection(SolutionProperties) = preSolution
		HideSolutionNode = FALSE
	EndGlobalSection
	GlobalSection(ExtensibilityGlobals) = postSolution
		SolutionGuid = {0B209B6D-FE58-4A54-8537-E6CEB66FDCF8}
	EndGlobalSection
EndGlobal
